
Microsoft Visual Studio Solution File, Format Version 12.00
# Visual Studio 15
VisualStudioVersion = 15.0.27703.2035
MinimumVisualStudioVersion = 10.0.40219.1
Project("{FAE04EC0-301F-11D3-BF4B-00C04F79EFBC}") = "SnakeClone", "Game\SnakeClone.csproj", "{3063CE35-DFAE-4DEA-B459-911B4D597C09}"
EndProject
Project("{FAE04EC0-301F-11D3-BF4B-00C04F79EFBC}") = "ConsoleSemiExtensions", "FrameBuffer\ConsoleSemiExtensions.csproj", "{4EC5FC5F-2BAA-4268-AE23-5540F76686F9}"
EndProject
Global
	GlobalSection(SolutionConfigurationPlatforms) = preSolution
		Debug|Any CPU = Debug|Any CPU
		Release|Any CPU = Release|Any CPU
	EndGlobalSection
	GlobalSection(ProjectConfigurationPlatforms) = postSolution
		{3063CE35-DFAE-4DEA-B459-911B4D597C09}.Debug|Any CPU.ActiveCfg = Debug|Any CPU
		{3063CE35-DFAE-4DEA-B459-911B4D597C09}.Debug|Any CPU.Build.0 = Debug|Any CPU
		{3063CE35-DFAE-4DEA-B459-911B4D597C09}.Release|Any CPU.ActiveCfg = Release|Any CPU
		{3063CE35-DFAE-4DEA-B459-911B4D597C09}.Release|Any CPU.Build.0 = Release|Any CPU
		{4EC5FC5F-2BAA-4268-AE23-5540F76686F9}.Debug|Any CPU.ActiveCfg = Debug|Any CPU
		{4EC5FC5F-2BAA-4268-AE23-5540F76686F9}.Debug|Any CPU.Build.0 = Debug|Any CPU
		{4EC5FC5F-2BAA-4268-AE23-5540F76686F9}.Release|Any CPU.ActiveCfg = Release|Any CPU
		{4EC5FC5F-2BAA-4268-AE23-5540F76686F9}.Release|Any CPU.Build.0 = Release|Any CPU
	EndGlobalSection
	GlobalSection(SolutionProperties) = preSolution
		HideSolutionNode = FALSE
	EndGlobalSection
	GlobalSection(ExtensibilityGlobals) = postSolution
		SolutionGuid = {FFA8F97E-A77B-4A9D-B841-AE4207A284B8}
	EndGlobalSection
	GlobalSection(Performance) = preSolution
		HasPerformanceSessions = true
	EndGlobalSection
EndGlobal
